// !$*UTF8*$!
{
	archiveVersion = 1;
	classes = {
	};
	objectVersion = 50;
	objects = {

/* Begin PBXBuildFile section */
		B4A0E09B24F3B3FE00064F5F /* AppDelegate.swift in Sources */ = {isa = PBXBuildFile; fileRef = B4A0E09A24F3B3FE00064F5F /* AppDelegate.swift */; };
		B4A0E09D24F3B3FE00064F5F /* SceneDelegate.swift in Sources */ = {isa = PBXBuildFile; fileRef = B4A0E09C24F3B3FE00064F5F /* SceneDelegate.swift */; };
		B4A0E09F24F3B3FE00064F5F /* ViewController.swift in Sources */ = {isa = PBXBuildFile; fileRef = B4A0E09E24F3B3FE00064F5F /* ViewController.swift */; };
		B4A0E0A224F3B3FE00064F5F /* Main.storyboard in Resources */ = {isa = PBXBuildFile; fileRef = B4A0E0A024F3B3FE00064F5F /* Main.storyboard */; };
		B4A0E0A424F3B40100064F5F /* Assets.xcassets in Resources */ = {isa = PBXBuildFile; fileRef = B4A0E0A324F3B40100064F5F /* Assets.xcassets */; };
		B4A0E0A724F3B40100064F5F /* LaunchScreen.storyboard in Resources */ = {isa = PBXBuildFile; fileRef = B4A0E0A524F3B40100064F5F /* LaunchScreen.storyboard */; };
		B4A0E0AF24F3B41500064F5F /* BrainLinkDualSDK.framework in Frameworks */ = {isa = PBXBuildFile; fileRef = B4A0E0AE24F3B41500064F5F /* BrainLinkDualSDK.framework */; };
/* End PBXBuildFile section */

/* Begin PBXFileReference section */
		B4A0E09724F3B3FE00064F5F /* BrainLinkDualDemo.app */ = {isa = PBXFileReference; explicitFileType = wrapper.application; includeInIndex = 0; path = BrainLinkDualDemo.app; sourceTree = BUILT_PRODUCTS_DIR; };
		B4A0E09A24F3B3FE00064F5F /* AppDelegate.swift */ = {isa = PBXFileReference; lastKnownFileType = sourcecode.swift; path = AppDelegate.swift; sourceTree = "<group>"; };
		B4A0E09C24F3B3FE00064F5F /* SceneDelegate.swift */ = {isa = PBXFileReference; lastKnownFileType = sourcecode.swift; path = SceneDelegate.swift; sourceTree = "<group>"; };
		B4A0E09E24F3B3FE00064F5F /* ViewController.swift */ = {isa = PBXFileReference; lastKnownFileType = sourcecode.swift; path = ViewController.swift; sourceTree = "<group>"; };
		B4A0E0A124F3B3FE00064F5F /* Base */ = {isa = PBXFileReference; lastKnownFileType = file.storyboard; name = Base; path = Base.lproj/Main.storyboard; sourceTree = "<group>"; };
		B4A0E0A324F3B40100064F5F /* Assets.xcassets */ = {isa = PBXFileReference; lastKnownFileType = folder.assetcatalog; path = Assets.xcassets; sourceTree = "<group>"; };
		B4A0E0A624F3B40100064F5F /* Base */ = {isa = PBXFileReference; lastKnownFileType = file.storyboard; name = Base; path = Base.lproj/LaunchScreen.storyboard; sourceTree = "<group>"; };
		B4A0E0A824F3B40100064F5F /* Info.plist */ = {isa = PBXFileReference; lastKnownFileType = text.plist.xml; path = Info.plist; sourceTree = "<group>"; };
		B4A0E0AE24F3B41500064F5F /* BrainLinkDualSDK.framework */ = {isa = PBXFileReference; lastKnownFileType = wrapper.framework; path = BrainLinkDualSDK.framework; sourceTree = "<group>"; };
/* End PBXFileReference section */

/* Begin PBXFrameworksBuildPhase section */
		B4A0E09424F3B3FE00064F5F /* Frameworks */ = {
			isa = PBXFrameworksBuildPhase;
			buildActionMask = 2147483647;
			files = (
				B4A0E0AF24F3B41500064F5F /* BrainLinkDualSDK.framework in Frameworks */,
			);
			runOnlyForDeploymentPostprocessing = 0;
		};
/* End PBXFrameworksBuildPhase section */

/* Begin PBXGroup section */
		B4A0E08E24F3B3FE00064F5F = {
			isa = PBXGroup;
			children = (
				B4A0E09924F3B3FE00064F5F /* BrainLinkDualDemo */,
				B4A0E09824F3B3FE00064F5F /* Products */,
			);
			sourceTree = "<group>";
		};
		B4A0E09824F3B3FE00064F5F /* Products */ = {
			isa = PBXGroup;
			children = (
				B4A0E09724F3B3FE00064F5F /* BrainLinkDualDemo.app */,
			);
			name = Products;
			sourceTree = "<group>";
		};
		B4A0E09924F3B3FE00064F5F /* BrainLinkDualDemo */ = {
			isa = PBXGroup;
			children = (
				B4A0E0AE24F3B41500064F5F /* BrainLinkDualSDK.framework */,
				B4A0E09A24F3B3FE00064F5F /* AppDelegate.swift */,
				B4A0E09C24F3B3FE00064F5F /* SceneDelegate.swift */,
				B4A0E09E24F3B3FE00064F5F /* ViewController.swift */,
				B4A0E0A024F3B3FE00064F5F /* Main.storyboard */,
				B4A0E0A324F3B40100064F5F /* Assets.xcassets */,
				B4A0E0A524F3B40100064F5F /* LaunchScreen.storyboard */,
				B4A0E0A824F3B40100064F5F /* Info.plist */,
			);
			path = BrainLinkDualDemo;
			sourceTree = "<group>";
		};
/* End PBXGroup section */

/* Begin PBXNativeTarget section */
		B4A0E09624F3B3FE00064F5F /* BrainLinkDualDemo */ = {
			isa = PBXNativeTarget;
			buildConfigurationList = B4A0E0AB24F3B40100064F5F /* Build configuration list for PBXNativeTarget "BrainLinkDualDemo" */;
			buildPhases = (
				B4A0E09324F3B3FE00064F5F /* Sources */,
				B4A0E09424F3B3FE00064F5F /* Frameworks */,
				B4A0E09524F3B3FE00064F5F /* Resources */,
			);
			buildRules = (
			);
			dependencies = (
			);
			name = BrainLinkDualDemo;
			productName = BrainLinkDualDemo;
			productReference = B4A0E09724F3B3FE00064F5F /* BrainLinkDualDemo.app */;
			productType = "com.apple.product-type.application";
		};
/* End PBXNativeTarget section */

/* Begin PBXProject section */
		B4A0E08F24F3B3FE00064F5F /* Project object */ = {
			isa = PBXProject;
			attributes = {
				LastSwiftUpdateCheck = 1160;
				LastUpgradeCheck = 1160;
				ORGANIZATIONNAME = "macro macro";
				TargetAttributes = {
					B4A0E09624F3B3FE00064F5F = {
						CreatedOnToolsVersion = 11.6;
					};
				};
			};
			buildConfigurationList = B4A0E09224F3B3FE00064F5F /* Build configuration list for PBXProject "BrainLinkDualDemo" */;
			compatibilityVersion = "Xcode 9.3";
			developmentRegion = en;
			hasScannedForEncodings = 0;
			knownRegions = (
				en,
				Base,
			);
			mainGroup = B4A0E08E24F3B3FE00064F5F;
			productRefGroup = B4A0E09824F3B3FE00064F5F /* Products */;
			projectDirPath = "";
			projectRoot = "";
			targets = (
				B4A0E09624F3B3FE00064F5F /* BrainLinkDualDemo */,
			);
		};
/* End PBXProject section */

/* Begin PBXResourcesBuildPhase section */
		B4A0E09524F3B3FE00064F5F /* Resources */ = {
			isa = PBXResourcesBuildPhase;
			buildActionMask = 2147483647;
			files = (
				B4A0E0A724F3B40100064F5F /* LaunchScreen.storyboard in Resources */,
				B4A0E0A424F3B40100064F5F /* Assets.xcassets in Resources */,
				B4A0E0A224F3B3FE00064F5F /* Main.storyboard in Resources */,
			);
			runOnlyForDeploymentPostprocessing = 0;
		};
/* End PBXResourcesBuildPhase section */

/* Begin PBXSourcesBuildPhase section */
		B4A0E09324F3B3FE00064F5F /* Sources */ = {
			isa = PBXSourcesBuildPhase;
			buildActionMask = 2147483647;
			files = (
				B4A0E09F24F3B3FE00064F5F /* ViewController.swift in Sources */,
				B4A0E09B24F3B3FE00064F5F /* AppDelegate.swift in Sources */,
				B4A0E09D24F3B3FE00064F5F /* SceneDelegate.swift in Sources */,
			);
			runOnlyForDeploymentPostprocessing = 0;
		};
/* End PBXSourcesBuildPhase section */

/* Begin PBXVariantGroup section */
		B4A0E0A024F3B3FE00064F5F /* Main.storyboard */ = {
			isa = PBXVariantGroup;
			children = (
				B4A0E0A124F3B3FE00064F5F /* Base */,
			);
			name = Main.storyboard;
			sourceTree = "<group>";
		};
		B4A0E0A524F3B40100064F5F /* LaunchScreen.storyboard */ = {
			isa = PBXVariantGroup;
			children = (
				B4A0E0A624F3B40100064F5F /* Base */,
			);
			name = LaunchScreen.storyboard;
			sourceTree = "<group>";
		};
/* End PBXVariantGroup section */

/* Begin XCBuildConfiguration section */
		B4A0E0A924F3B40100064F5F /* Debug */ = {
			isa = XCBuildConfiguration;
			buildSettings = {
				ALWAYS_SEARCH_USER_PATHS = NO;
				CLANG_ANALYZER_NONNULL = YES;
				CLANG_ANALYZER_NUMBER_OBJECT_CONVERSION = YES_AGGRESSIVE;
				CLANG_CXX_LANGUAGE_STANDARD = "gnu++14";
				CLANG_CXX_LIBRARY = "libc++";
				CLANG_ENABLE_MODULES = YES;
				CLANG_ENABLE_OBJC_ARC = YES;
				CLANG_ENABLE_OBJC_WEAK = YES;
				CLANG_WARN_BLOCK_CAPTURE_AUTORELEASING = YES;
				CLANG_WARN_BOOL_CONVERSION = YES;
				CLANG_WARN_COMMA = YES;
				CLANG_WARN_CONSTANT_CONVERSION = YES;
				CLANG_WARN_DEPRECATED_OBJC_IMPLEMENTATIONS = YES;
				CLANG_WARN_DIRECT_OBJC_ISA_USAGE = YES_ERROR;
				CLANG_WARN_DOCUMENTATION_COMMENTS = YES;
				CLANG_WARN_EMPTY_BODY = YES;
				CLANG_WARN_ENUM_CONVERSION = YES;
				CLANG_WARN_INFINITE_RECURSION = YES;
				CLANG_WARN_INT_CONVERSION = YES;
				CLANG_WARN_NON_LITERAL_NULL_CONVERSION = YES;
				CLANG_WARN_OBJC_IMPLICIT_RETAIN_SELF = YES;
				CLANG_WARN_OBJC_LITERAL_CONVERSION = YES;
				CLANG_WARN_OBJC_ROOT_CLASS = YES_ERROR;
				CLANG_WARN_RANGE_LOOP_ANALYSIS = YES;
				CLANG_WARN_STRICT_PROTOTYPES = YES;
				CLANG_WARN_SUSPICIOUS_MOVE = YES;
				CLANG_WARN_UNGUARDED_AVAILABILITY = YES_AGGRESSIVE;
				CLANG_WARN_UNREACHABLE_CODE = YES;
				CLANG_WARN__DUPLICATE_METHOD_MATCH = YES;
				COPY_PHASE_STRIP = NO;
				DEBUG_INFORMATION_FORMAT = dwarf;
				ENABLE_STRICT_OBJC_MSGSEND = YES;
				ENABLE_TESTABILITY = YES;
				GCC_C_LANGUAGE_STANDARD = gnu11;
				GCC_DYNAMIC_NO_PIC = NO;
				GCC_NO_COMMON_BLOCKS = YES;
				GCC_OPTIMIZATION_LEVEL = 0;
				GCC_PREPROCESSOR_DEFINITIONS = (
					"DEBUG=1",
					"$(inherited)",
				);
				GCC_WARN_64_TO_32_BIT_CONVERSION = YES;
				GCC_WARN_ABOUT_RETURN_TYPE = YES_ERROR;
				GCC_WARN_UNDECLARED_SELECTOR = YES;
				GCC_WARN_UNINITIALIZED_AUTOS = YES_AGGRESSIVE;
				GCC_WARN_UNUSED_FUNCTION = YES;
				GCC_WARN_UNUSED_VARIABLE = YES;
				IPHONEOS_DEPLOYMENT_TARGET = 13.6;
				MTL_ENABLE_DEBUG_INFO = INCLUDE_SOURCE;
				MTL_FAST_MATH = YES;
				ONLY_ACTIVE_ARCH = YES;
				SDKROOT = iphoneos;
				SWIFT_ACTIVE_COMPILATION_CONDITIONS = DEBUG;
				SWIFT_OPTIMIZATION_LEVEL = "-Onone";
			};
			name = Debug;
		};
		B4A0E0AA24F3B40100064F5F /* Release */ = {
			isa = XCBuildConfiguration;
			buildSettings = {
				ALWAYS_SEARCH_USER_PATHS = NO;
				CLANG_ANALYZER_NONNULL = YES;
				CLANG_ANALYZER_NUMBER_OBJECT_CONVERSION = YES_AGGRESSIVE;
				CLANG_CXX_LANGUAGE_STANDARD = "gnu++14";
				CLANG_CXX_LIBRARY = "libc++";
				CLANG_ENABLE_MODULES = YES;
				CLANG_ENABLE_OBJC_ARC = YES;
				CLANG_ENABLE_OBJC_WEAK = YES;
				CLANG_WARN_BLOCK_CAPTURE_AUTORELEASING = YES;
				CLANG_WARN_BOOL_CONVERSION = YES;
				CLANG_WARN_COMMA = YES;
				CLANG_WARN_CONSTANT_CONVERSION = YES;
				CLANG_WARN_DEPRECATED_OBJC_IMPLEMENTATIONS = YES;
				CLANG_WARN_DIRECT_OBJC_ISA_USAGE = YES_ERROR;
				CLANG_WARN_DOCUMENTATION_COMMENTS = YES;
				CLANG_WARN_EMPTY_BODY = YES;
				CLANG_WARN_ENUM_CONVERSION = YES;
				CLANG_WARN_INFINITE_RECURSION = YES;
				CLANG_WARN_INT_CONVERSION = YES;
				CLANG_WARN_NON_LITERAL_NULL_CONVERSION = YES;
				CLANG_WARN_OBJC_IMPLICIT_RETAIN_SELF = YES;
				CLANG_WARN_OBJC_LITERAL_CONVERSION = YES;
				CLANG_WARN_OBJC_ROOT_CLASS = YES_ERROR;
				CLANG_WARN_RANGE_LOOP_ANALYSIS = YES;
				CLANG_WARN_STRICT_PROTOTYPES = YES;
				CLANG_WARN_SUSPICIOUS_MOVE = YES;
				CLANG_WARN_UNGUARDED_AVAILABILITY = YES_AGGRESSIVE;
				CLANG_WARN_UNREACHABLE_CODE = YES;
				CLANG_WARN__DUPLICATE_METHOD_MATCH = YES;
				COPY_PHASE_STRIP = NO;
				DEBUG_INFORMATION_FORMAT = "dwarf-with-dsym";
				ENABLE_NS_ASSERTIONS = NO;
				ENABLE_STRICT_OBJC_MSGSEND = YES;
				GCC_C_LANGUAGE_STANDARD = gnu11;
				GCC_NO_COMMON_BLOCKS = YES;
				GCC_WARN_64_TO_32_BIT_CONVERSION = YES;
				GCC_WARN_ABOUT_RETURN_TYPE = YES_ERROR;
				GCC_WARN_UNDECLARED_SELECTOR = YES;
				GCC_WARN_UNINITIALIZED_AUTOS = YES_AGGRESSIVE;
				GCC_WARN_UNUSED_FUNCTION = YES;
				GCC_WARN_UNUSED_VARIABLE = YES;
				IPHONEOS_DEPLOYMENT_TARGET = 13.6;
				MTL_ENABLE_DEBUG_INFO = NO;
				MTL_FAST_MATH = YES;
				SDKROOT = iphoneos;
				SWIFT_COMPILATION_MODE = wholemodule;
				SWIFT_OPTIMIZATION_LEVEL = "-O";
				VALIDATE_PRODUCT = YES;
			};
			name = Release;
		};
		B4A0E0AC24F3B40100064F5F /* Debug */ = {
			isa = XCBuildConfiguration;
			buildSettings = {
				ASSETCATALOG_COMPILER_APPICON_NAME = AppIcon;
				CODE_SIGN_STYLE = Automatic;
				DEVELOPMENT_TEAM = TX5D25XG4R;
				FRAMEWORK_SEARCH_PATHS = (
					"$(inherited)",
					"$(PROJECT_DIR)/BrainLinkDualDemo",
				);
				INFOPLIST_FILE = BrainLinkDualDemo/Info.plist;
				LD_RUNPATH_SEARCH_PATHS = (
					"$(inherited)",
					"@executable_path/Frameworks",
				);
				PRODUCT_BUNDLE_IDENTIFIER = com.macrotellect.BrainLinkDualDemo;
				PRODUCT_NAME = "$(TARGET_NAME)";
				SWIFT_VERSION = 5.0;
				TARGETED_DEVICE_FAMILY = "1,2";
			};
			name = Debug;
		};
		B4A0E0AD24F3B40100064F5F /* Release */ = {
			isa = XCBuildConfiguration;
			buildSettings = {
				ASSETCATALOG_COMPILER_APPICON_NAME = AppIcon;
				CODE_SIGN_STYLE = Automatic;
				DEVELOPMENT_TEAM = TX5D25XG4R;
				FRAMEWORK_SEARCH_PATHS = (
					"$(inherited)",
					"$(PROJECT_DIR)/BrainLinkDualDemo",
				);
				INFOPLIST_FILE = BrainLinkDualDemo/Info.plist;
				LD_RUNPATH_SEARCH_PATHS = (
					"$(inherited)",
					"@executable_path/Frameworks",
				);
				PRODUCT_BUNDLE_IDENTIFIER = com.macrotellect.BrainLinkDualDemo;
				PRODUCT_NAME = "$(TARGET_NAME)";
				SWIFT_VERSION = 5.0;
				TARGETED_DEVICE_FAMILY = "1,2";
			};
			name = Release;
		};
/* End XCBuildConfiguration section */

/* Begin XCConfigurationList section */
		B4A0E09224F3B3FE00064F5F /* Build configuration list for PBXProject "BrainLinkDualDemo" */ = {
			isa = XCConfigurationList;
			buildConfigurations = (
				B4A0E0A924F3B40100064F5F /* Debug */,
				B4A0E0AA24F3B40100064F5F /* Release */,
			);
			defaultConfigurationIsVisible = 0;
			defaultConfigurationName = Release;
		};
		B4A0E0AB24F3B40100064F5F /* Build configuration list for PBXNativeTarget "BrainLinkDualDemo" */ = {
			isa = XCConfigurationList;
			buildConfigurations = (
				B4A0E0AC24F3B40100064F5F /* Debug */,
				B4A0E0AD24F3B40100064F5F /* Release */,
			);
			defaultConfigurationIsVisible = 0;
			defaultConfigurationName = Release;
		};
/* End XCConfigurationList section */
	};
	rootObject = B4A0E08F24F3B3FE00064F5F /* Project object */;
}
